
Microsoft Visual Studio Solution File, Format Version 12.00
# Visual Studio 2012
Project("{FAE04EC0-301F-11D3-BF4B-00C04F79EFBC}") = "Interest_Calculator", "Interest_Calculator\Interest_Calculator.csproj", "{0A5C678E-71CD-4158-A6A4-11279532048C}"
EndProject
Global
	GlobalSection(SolutionConfigurationPlatforms) = preSolution
		Debug|Any CPU = Debug|Any CPU
		Release|Any CPU = Release|Any CPU
	EndGlobalSection
	GlobalSection(ProjectConfigurationPlatforms) = postSolution
		{0A5C678E-71CD-4158-A6A4-11279532048C}.Debug|Any CPU.ActiveCfg = Debug|Any CPU
		{0A5C678E-71CD-4158-A6A4-11279532048C}.Debug|Any CPU.Build.0 = Debug|Any CPU
		{0A5C678E-71CD-4158-A6A4-11279532048C}.Release|Any CPU.ActiveCfg = Release|Any CPU
		{0A5C678E-71CD-4158-A6A4-11279532048C}.Release|Any CPU.Build.0 = Release|Any CPU
	EndGlobalSection
	GlobalSection(SolutionProperties) = preSolution
		HideSolutionNode = FALSE
	EndGlobalSection
EndGlobal
